
Microsoft Visual Studio Solution File, Format Version 12.00
# Visual Studio Version 17
VisualStudioVersion = 17.14.36121.58
MinimumVisualStudioVersion = 10.0.40219.1
Project("{FAE04EC0-301F-11D3-BF4B-00C04F79EFBC}") = "MonoMSDF", "MonoMSDF\MonoMSDF.csproj", "{DBDB1CC0-6261-4C5A-A03E-580170E939F9}"
EndProject
Project("{FAE04EC0-301F-11D3-BF4B-00C04F79EFBC}") = "AtlasBuilder", "AtlasBuilder\AtlasBuilder.csproj", "{3B306BFB-5B4F-4DDD-9C9C-FADD45C436FB}"
EndProject
Project("{FAE04EC0-301F-11D3-BF4B-00C04F79EFBC}") = "Demo.DX", "Demo\Demo.DX\Demo.DX.csproj", "{152727F6-FBC4-4A5B-9E51-707FE82CB76E}"
EndProject
Project("{FAE04EC0-301F-11D3-BF4B-00C04F79EFBC}") = "Demo.GL", "Demo\Demo.GL\Demo.GL.csproj", "{1365D43E-C50F-4AB9-80AF-1701AEB8D9B2}"
EndProject
Project("{2150E333-8FDC-42A3-9474-1A3956D46DE8}") = "Demo", "Demo", "{02EA681E-C7D8-13C7-8484-4AC65E1B71E8}"
EndProject
Project("{FAE04EC0-301F-11D3-BF4B-00C04F79EFBC}") = "Demo.Shared", "Demo\Demo.Shared\Demo.Shared.csproj", "{E85B0F1D-D7D9-B96E-6B1B-91D15AD9458E}"
EndProject
Global
	GlobalSection(SolutionConfigurationPlatforms) = preSolution
		Debug|Any CPU = Debug|Any CPU
		Release|Any CPU = Release|Any CPU
	EndGlobalSection
	GlobalSection(ProjectConfigurationPlatforms) = postSolution
		{DBDB1CC0-6261-4C5A-A03E-580170E939F9}.Debug|Any CPU.ActiveCfg = Debug|Any CPU
		{DBDB1CC0-6261-4C5A-A03E-580170E939F9}.Debug|Any CPU.Build.0 = Debug|Any CPU
		{DBDB1CC0-6261-4C5A-A03E-580170E939F9}.Release|Any CPU.ActiveCfg = Release|Any CPU
		{DBDB1CC0-6261-4C5A-A03E-580170E939F9}.Release|Any CPU.Build.0 = Release|Any CPU
		{3B306BFB-5B4F-4DDD-9C9C-FADD45C436FB}.Debug|Any CPU.ActiveCfg = Debug|Any CPU
		{3B306BFB-5B4F-4DDD-9C9C-FADD45C436FB}.Debug|Any CPU.Build.0 = Debug|Any CPU
		{3B306BFB-5B4F-4DDD-9C9C-FADD45C436FB}.Release|Any CPU.ActiveCfg = Release|Any CPU
		{3B306BFB-5B4F-4DDD-9C9C-FADD45C436FB}.Release|Any CPU.Build.0 = Release|Any CPU
		{152727F6-FBC4-4A5B-9E51-707FE82CB76E}.Debug|Any CPU.ActiveCfg = Debug|Any CPU
		{152727F6-FBC4-4A5B-9E51-707FE82CB76E}.Debug|Any CPU.Build.0 = Debug|Any CPU
		{152727F6-FBC4-4A5B-9E51-707FE82CB76E}.Release|Any CPU.ActiveCfg = Release|Any CPU
		{152727F6-FBC4-4A5B-9E51-707FE82CB76E}.Release|Any CPU.Build.0 = Release|Any CPU
		{1365D43E-C50F-4AB9-80AF-1701AEB8D9B2}.Debug|Any CPU.ActiveCfg = Debug|Any CPU
		{1365D43E-C50F-4AB9-80AF-1701AEB8D9B2}.Debug|Any CPU.Build.0 = Debug|Any CPU
		{1365D43E-C50F-4AB9-80AF-1701AEB8D9B2}.Release|Any CPU.ActiveCfg = Release|Any CPU
		{1365D43E-C50F-4AB9-80AF-1701AEB8D9B2}.Release|Any CPU.Build.0 = Release|Any CPU
		{E85B0F1D-D7D9-B96E-6B1B-91D15AD9458E}.Debug|Any CPU.ActiveCfg = Debug|Any CPU
		{E85B0F1D-D7D9-B96E-6B1B-91D15AD9458E}.Debug|Any CPU.Build.0 = Debug|Any CPU
		{E85B0F1D-D7D9-B96E-6B1B-91D15AD9458E}.Release|Any CPU.ActiveCfg = Release|Any CPU
		{E85B0F1D-D7D9-B96E-6B1B-91D15AD9458E}.Release|Any CPU.Build.0 = Release|Any CPU
	EndGlobalSection
	GlobalSection(SolutionProperties) = preSolution
		HideSolutionNode = FALSE
	EndGlobalSection
	GlobalSection(NestedProjects) = preSolution
		{152727F6-FBC4-4A5B-9E51-707FE82CB76E} = {02EA681E-C7D8-13C7-8484-4AC65E1B71E8}
		{1365D43E-C50F-4AB9-80AF-1701AEB8D9B2} = {02EA681E-C7D8-13C7-8484-4AC65E1B71E8}
		{E85B0F1D-D7D9-B96E-6B1B-91D15AD9458E} = {02EA681E-C7D8-13C7-8484-4AC65E1B71E8}
	EndGlobalSection
	GlobalSection(ExtensibilityGlobals) = postSolution
		SolutionGuid = {CCB76634-7779-4BF3-BE87-A793654FC774}
	EndGlobalSection
EndGlobal
