
Microsoft Visual Studio Solution File, Format Version 12.00
# Visual Studio Version 17
VisualStudioVersion = 17.14.36121.58
MinimumVisualStudioVersion = 10.0.40219.1
Project("{FAE04EC0-301F-11D3-BF4B-00C04F79EFBC}") = "MonoMSDF", "MonoMSDF\MonoMSDF.csproj", "{DBDB1CC0-6261-4C5A-A03E-580170E939F9}"
EndProject
Project("{FAE04EC0-301F-11D3-BF4B-00C04F79EFBC}") = "MonoMSDF.Demo", "MonoMSDF.Demo\MonoMSDF.Demo.csproj", "{1A24CFB4-449E-6DF6-81B7-6227AE084718}"
EndProject
Project("{FAE04EC0-301F-11D3-BF4B-00C04F79EFBC}") = "AtlasBuilder", "AtlasBuilder\AtlasBuilder.csproj", "{3B306BFB-5B4F-4DDD-9C9C-FADD45C436FB}"
EndProject
Global
	GlobalSection(SolutionConfigurationPlatforms) = preSolution
		Debug|Any CPU = Debug|Any CPU
		Release|Any CPU = Release|Any CPU
	EndGlobalSection
	GlobalSection(ProjectConfigurationPlatforms) = postSolution
		{DBDB1CC0-6261-4C5A-A03E-580170E939F9}.Debug|Any CPU.ActiveCfg = Debug|Any CPU
		{DBDB1CC0-6261-4C5A-A03E-580170E939F9}.Debug|Any CPU.Build.0 = Debug|Any CPU
		{DBDB1CC0-6261-4C5A-A03E-580170E939F9}.Release|Any CPU.ActiveCfg = Release|Any CPU
		{DBDB1CC0-6261-4C5A-A03E-580170E939F9}.Release|Any CPU.Build.0 = Release|Any CPU
		{1A24CFB4-449E-6DF6-81B7-6227AE084718}.Debug|Any CPU.ActiveCfg = Debug|Any CPU
		{1A24CFB4-449E-6DF6-81B7-6227AE084718}.Debug|Any CPU.Build.0 = Debug|Any CPU
		{1A24CFB4-449E-6DF6-81B7-6227AE084718}.Release|Any CPU.ActiveCfg = Release|Any CPU
		{1A24CFB4-449E-6DF6-81B7-6227AE084718}.Release|Any CPU.Build.0 = Release|Any CPU
		{3B306BFB-5B4F-4DDD-9C9C-FADD45C436FB}.Debug|Any CPU.ActiveCfg = Debug|Any CPU
		{3B306BFB-5B4F-4DDD-9C9C-FADD45C436FB}.Debug|Any CPU.Build.0 = Debug|Any CPU
		{3B306BFB-5B4F-4DDD-9C9C-FADD45C436FB}.Release|Any CPU.ActiveCfg = Release|Any CPU
		{3B306BFB-5B4F-4DDD-9C9C-FADD45C436FB}.Release|Any CPU.Build.0 = Release|Any CPU
	EndGlobalSection
	GlobalSection(SolutionProperties) = preSolution
		HideSolutionNode = FALSE
	EndGlobalSection
	GlobalSection(ExtensibilityGlobals) = postSolution
		SolutionGuid = {CCB76634-7779-4BF3-BE87-A793654FC774}
	EndGlobalSection
EndGlobal
